
Microsoft Visual Studio Solution File, Format Version 12.00
# Visual Studio Version 17
VisualStudioVersion = 17.7.34221.43
MinimumVisualStudioVersion = 10.0.40219.1
Project("{9A19103F-16F7-4668-BE54-9A1E7A4F7556}") = "FileOrganizer", "FileOrganizer\FileOrganizer.csproj", "{E1F10687-101A-4911-9EF7-930DF2BA2AEA}"
EndProject
Project("{9A19103F-16F7-4668-BE54-9A1E7A4F7556}") = "FileOrganizer.Core", "FileOrganizer.Core\FileOrganizer.Core.csproj", "{1918D7CE-83D4-4CAB-BA42-E06E0F85E736}"
EndProject
Project("{FAE04EC0-301F-11D3-BF4B-00C04F79EFBC}") = "FileToolKit", "FileToolKit\FileToolKit.csproj", "{04EC33FB-89D1-4B75-84F5-CD61070F613E}"
EndProject
Global
	GlobalSection(SolutionConfigurationPlatforms) = preSolution
		Debug|Any CPU = Debug|Any CPU
		Debug|arm64 = Debug|arm64
		Debug|x64 = Debug|x64
		Debug|x86 = Debug|x86
		Release|Any CPU = Release|Any CPU
		Release|arm64 = Release|arm64
		Release|x64 = Release|x64
		Release|x86 = Release|x86
	EndGlobalSection
	GlobalSection(ProjectConfigurationPlatforms) = postSolution
		{E1F10687-101A-4911-9EF7-930DF2BA2AEA}.Debug|Any CPU.ActiveCfg = Debug|x64
		{E1F10687-101A-4911-9EF7-930DF2BA2AEA}.Debug|Any CPU.Build.0 = Debug|x64
		{E1F10687-101A-4911-9EF7-930DF2BA2AEA}.Debug|Any CPU.Deploy.0 = Debug|x64
		{E1F10687-101A-4911-9EF7-930DF2BA2AEA}.Debug|arm64.ActiveCfg = Debug|arm64
		{E1F10687-101A-4911-9EF7-930DF2BA2AEA}.Debug|arm64.Build.0 = Debug|arm64
		{E1F10687-101A-4911-9EF7-930DF2BA2AEA}.Debug|arm64.Deploy.0 = Debug|arm64
		{E1F10687-101A-4911-9EF7-930DF2BA2AEA}.Debug|x64.ActiveCfg = Debug|x64
		{E1F10687-101A-4911-9EF7-930DF2BA2AEA}.Debug|x64.Build.0 = Debug|x64
		{E1F10687-101A-4911-9EF7-930DF2BA2AEA}.Debug|x64.Deploy.0 = Debug|x64
		{E1F10687-101A-4911-9EF7-930DF2BA2AEA}.Debug|x86.ActiveCfg = Debug|x86
		{E1F10687-101A-4911-9EF7-930DF2BA2AEA}.Debug|x86.Build.0 = Debug|x86
		{E1F10687-101A-4911-9EF7-930DF2BA2AEA}.Debug|x86.Deploy.0 = Debug|x86
		{E1F10687-101A-4911-9EF7-930DF2BA2AEA}.Release|Any CPU.ActiveCfg = Release|x64
		{E1F10687-101A-4911-9EF7-930DF2BA2AEA}.Release|Any CPU.Build.0 = Release|x64
		{E1F10687-101A-4911-9EF7-930DF2BA2AEA}.Release|Any CPU.Deploy.0 = Release|x64
		{E1F10687-101A-4911-9EF7-930DF2BA2AEA}.Release|arm64.ActiveCfg = Release|arm64
		{E1F10687-101A-4911-9EF7-930DF2BA2AEA}.Release|arm64.Build.0 = Release|arm64
		{E1F10687-101A-4911-9EF7-930DF2BA2AEA}.Release|arm64.Deploy.0 = Release|arm64
		{E1F10687-101A-4911-9EF7-930DF2BA2AEA}.Release|x64.ActiveCfg = Release|x64
		{E1F10687-101A-4911-9EF7-930DF2BA2AEA}.Release|x64.Build.0 = Release|x64
		{E1F10687-101A-4911-9EF7-930DF2BA2AEA}.Release|x64.Deploy.0 = Release|x64
		{E1F10687-101A-4911-9EF7-930DF2BA2AEA}.Release|x86.ActiveCfg = Release|x86
		{E1F10687-101A-4911-9EF7-930DF2BA2AEA}.Release|x86.Build.0 = Release|x86
		{E1F10687-101A-4911-9EF7-930DF2BA2AEA}.Release|x86.Deploy.0 = Release|x86
		{1918D7CE-83D4-4CAB-BA42-E06E0F85E736}.Debug|Any CPU.ActiveCfg = Debug|Any CPU
		{1918D7CE-83D4-4CAB-BA42-E06E0F85E736}.Debug|Any CPU.Build.0 = Debug|Any CPU
		{1918D7CE-83D4-4CAB-BA42-E06E0F85E736}.Debug|arm64.ActiveCfg = Debug|arm64
		{1918D7CE-83D4-4CAB-BA42-E06E0F85E736}.Debug|arm64.Build.0 = Debug|arm64
		{1918D7CE-83D4-4CAB-BA42-E06E0F85E736}.Debug|x64.ActiveCfg = Debug|x64
		{1918D7CE-83D4-4CAB-BA42-E06E0F85E736}.Debug|x64.Build.0 = Debug|x64
		{1918D7CE-83D4-4CAB-BA42-E06E0F85E736}.Debug|x86.ActiveCfg = Debug|x86
		{1918D7CE-83D4-4CAB-BA42-E06E0F85E736}.Debug|x86.Build.0 = Debug|x86
		{1918D7CE-83D4-4CAB-BA42-E06E0F85E736}.Release|Any CPU.ActiveCfg = Release|Any CPU
		{1918D7CE-83D4-4CAB-BA42-E06E0F85E736}.Release|Any CPU.Build.0 = Release|Any CPU
		{1918D7CE-83D4-4CAB-BA42-E06E0F85E736}.Release|arm64.ActiveCfg = Release|arm64
		{1918D7CE-83D4-4CAB-BA42-E06E0F85E736}.Release|arm64.Build.0 = Release|arm64
		{1918D7CE-83D4-4CAB-BA42-E06E0F85E736}.Release|x64.ActiveCfg = Release|x64
		{1918D7CE-83D4-4CAB-BA42-E06E0F85E736}.Release|x64.Build.0 = Release|x64
		{1918D7CE-83D4-4CAB-BA42-E06E0F85E736}.Release|x86.ActiveCfg = Release|x86
		{1918D7CE-83D4-4CAB-BA42-E06E0F85E736}.Release|x86.Build.0 = Release|x86
		{04EC33FB-89D1-4B75-84F5-CD61070F613E}.Debug|Any CPU.ActiveCfg = Debug|Any CPU
		{04EC33FB-89D1-4B75-84F5-CD61070F613E}.Debug|Any CPU.Build.0 = Debug|Any CPU
		{04EC33FB-89D1-4B75-84F5-CD61070F613E}.Debug|arm64.ActiveCfg = Debug|Any CPU
		{04EC33FB-89D1-4B75-84F5-CD61070F613E}.Debug|arm64.Build.0 = Debug|Any CPU
		{04EC33FB-89D1-4B75-84F5-CD61070F613E}.Debug|x64.ActiveCfg = Debug|Any CPU
		{04EC33FB-89D1-4B75-84F5-CD61070F613E}.Debug|x64.Build.0 = Debug|Any CPU
		{04EC33FB-89D1-4B75-84F5-CD61070F613E}.Debug|x86.ActiveCfg = Debug|Any CPU
		{04EC33FB-89D1-4B75-84F5-CD61070F613E}.Debug|x86.Build.0 = Debug|Any CPU
		{04EC33FB-89D1-4B75-84F5-CD61070F613E}.Release|Any CPU.ActiveCfg = Release|Any CPU
		{04EC33FB-89D1-4B75-84F5-CD61070F613E}.Release|Any CPU.Build.0 = Release|Any CPU
		{04EC33FB-89D1-4B75-84F5-CD61070F613E}.Release|arm64.ActiveCfg = Release|Any CPU
		{04EC33FB-89D1-4B75-84F5-CD61070F613E}.Release|arm64.Build.0 = Release|Any CPU
		{04EC33FB-89D1-4B75-84F5-CD61070F613E}.Release|x64.ActiveCfg = Release|Any CPU
		{04EC33FB-89D1-4B75-84F5-CD61070F613E}.Release|x64.Build.0 = Release|Any CPU
		{04EC33FB-89D1-4B75-84F5-CD61070F613E}.Release|x86.ActiveCfg = Release|Any CPU
		{04EC33FB-89D1-4B75-84F5-CD61070F613E}.Release|x86.Build.0 = Release|Any CPU
	EndGlobalSection
	GlobalSection(SolutionProperties) = preSolution
		HideSolutionNode = FALSE
	EndGlobalSection
	GlobalSection(ExtensibilityGlobals) = postSolution
		SolutionGuid = {01F74EA8-CCA2-45F8-A143-FDEF482732D3}
	EndGlobalSection
EndGlobal
